
Microsoft Visual Studio Solution File, Format Version 12.00
# Visual Studio Version 17
VisualStudioVersion = 17.2.32526.322
MinimumVisualStudioVersion = 10.0.40219.1
Project("{9A19103F-16F7-4668-BE54-9A1E7A4F7556}") = "ObserverPattern", "ObserverPattern.csproj", "{2015B824-48FF-48B0-A18A-4B1BDD5335FB}"
EndProject
Global
	GlobalSection(SolutionConfigurationPlatforms) = preSolution
		Debug|Any CPU = Debug|Any CPU
		Release|Any CPU = Release|Any CPU
	EndGlobalSection
	GlobalSection(ProjectConfigurationPlatforms) = postSolution
		{2015B824-48FF-48B0-A18A-4B1BDD5335FB}.Debug|Any CPU.ActiveCfg = Debug|Any CPU
		{2015B824-48FF-48B0-A18A-4B1BDD5335FB}.Debug|Any CPU.Build.0 = Debug|Any CPU
		{2015B824-48FF-48B0-A18A-4B1BDD5335FB}.Release|Any CPU.ActiveCfg = Release|Any CPU
		{2015B824-48FF-48B0-A18A-4B1BDD5335FB}.Release|Any CPU.Build.0 = Release|Any CPU
	EndGlobalSection
	GlobalSection(SolutionProperties) = preSolution
		HideSolutionNode = FALSE
	EndGlobalSection
	GlobalSection(ExtensibilityGlobals) = postSolution
		SolutionGuid = {B7F12E10-7AD6-41F7-B48F-34F4088DBC39}
	EndGlobalSection
EndGlobal
